dependencies:
  idf:
    source:
      type: idf
    version: 5.5.3
  vroland/epdiy:
    component_hash: bdacd89d4a9209e3e40b08ef22e23b9b7a385d9326496a68aec295959318334d
    dependencies: []
    source:
      git: https://github.com/vroland/epdiy.git
      path: .
      type: git
    version: 4ede9eb2d8a669b19a84cba916f154e1a45507fe
direct_dependencies:
- idf
- vroland/epdiy
manifest_hash: 906bcf17f563750106a3832448f48a3a5882b82d660fc3e47f9c5b74edb6e173
target: esp32s3
version: 2.0.0
